// !$*UTF8*$!
{
	archiveVersion = 1;
	classes = {
	};
	objectVersion = 50;
	objects = {

/* Begin PBXBuildFile section */
		6398961924A3FE420030CD41 /* AppDelegate.swift in Sources */ = {isa = PBXBuildFile; fileRef = 6398961824A3FE420030CD41 /* AppDelegate.swift */; };
		6398961B24A3FE420030CD41 /* SceneDelegate.swift in Sources */ = {isa = PBXBuildFile; fileRef = 6398961A24A3FE420030CD41 /* SceneDelegate.swift */; };
		6398962024A3FE420030CD41 /* Main.storyboard in Resources */ = {isa = PBXBuildFile; fileRef = 6398961E24A3FE420030CD41 /* Main.storyboard */; };
		6398962224A3FE430030CD41 /* Assets.xcassets in Resources */ = {isa = PBXBuildFile; fileRef = 6398962124A3FE430030CD41 /* Assets.xcassets */; };
		6398962524A3FE430030CD41 /* LaunchScreen.storyboard in Resources */ = {isa = PBXBuildFile; fileRef = 6398962324A3FE430030CD41 /* LaunchScreen.storyboard */; };
		6398963024A3FE430030CD41 /* TableViewTests.swift in Sources */ = {isa = PBXBuildFile; fileRef = 6398962F24A3FE430030CD41 /* TableViewTests.swift */; };
		6398963B24A3FE430030CD41 /* TableViewUITests.swift in Sources */ = {isa = PBXBuildFile; fileRef = 6398963A24A3FE430030CD41 /* TableViewUITests.swift */; };
		6398964924A3FF710030CD41 /* TableViewController.swift in Sources */ = {isa = PBXBuildFile; fileRef = 6398964824A3FF710030CD41 /* TableViewController.swift */; };
		6398964B24A3FFD60030CD41 /* Model.swift in Sources */ = {isa = PBXBuildFile; fileRef = 6398964A24A3FFD60030CD41 /* Model.swift */; };
/* End PBXBuildFile section */

/* Begin PBXContainerItemProxy section */
		6398962C24A3FE430030CD41 /* PBXContainerItemProxy */ = {
			isa = PBXContainerItemProxy;
			containerPortal = 6398960D24A3FE410030CD41 /* Project object */;
			proxyType = 1;
			remoteGlobalIDString = 6398961424A3FE420030CD41;
			remoteInfo = TableView;
		};
		6398963724A3FE430030CD41 /* PBXContainerItemProxy */ = {
			isa = PBXContainerItemProxy;
			containerPortal = 6398960D24A3FE410030CD41 /* Project object */;
			proxyType = 1;
			remoteGlobalIDString = 6398961424A3FE420030CD41;
			remoteInfo = TableView;
		};
/* End PBXContainerItemProxy section */

/* Begin PBXFileReference section */
		6398961524A3FE420030CD41 /* TableView.app */ = {isa = PBXFileReference; explicitFileType = wrapper.application; includeInIndex = 0; path = TableView.app; sourceTree = BUILT_PRODUCTS_DIR; };
		6398961824A3FE420030CD41 /* AppDelegate.swift */ = {isa = PBXFileReference; lastKnownFileType = sourcecode.swift; path = AppDelegate.swift; sourceTree = "<group>"; };
		6398961A24A3FE420030CD41 /* SceneDelegate.swift */ = {isa = PBXFileReference; lastKnownFileType = sourcecode.swift; path = SceneDelegate.swift; sourceTree = "<group>"; };
		6398961F24A3FE420030CD41 /* Base */ = {isa = PBXFileReference; lastKnownFileType = file.storyboard; name = Base; path = Base.lproj/Main.storyboard; sourceTree = "<group>"; };
		6398962124A3FE430030CD41 /* Assets.xcassets */ = {isa = PBXFileReference; lastKnownFileType = folder.assetcatalog; path = Assets.xcassets; sourceTree = "<group>"; };
		6398962424A3FE430030CD41 /* Base */ = {isa = PBXFileReference; lastKnownFileType = file.storyboard; name = Base; path = Base.lproj/LaunchScreen.storyboard; sourceTree = "<group>"; };
		6398962624A3FE430030CD41 /* Info.plist */ = {isa = PBXFileReference; lastKnownFileType = text.plist.xml; path = Info.plist; sourceTree = "<group>"; };
		6398962B24A3FE430030CD41 /* TableViewTests.xctest */ = {isa = PBXFileReference; explicitFileType = wrapper.cfbundle; includeInIndex = 0; path = TableViewTests.xctest; sourceTree = BUILT_PRODUCTS_DIR; };
		6398962F24A3FE430030CD41 /* TableViewTests.swift */ = {isa = PBXFileReference; lastKnownFileType = sourcecode.swift; path = TableViewTests.swift; sourceTree = "<group>"; };
		6398963124A3FE430030CD41 /* Info.plist */ = {isa = PBXFileReference; lastKnownFileType = text.plist.xml; path = Info.plist; sourceTree = "<group>"; };
		6398963624A3FE430030CD41 /* TableViewUITests.xctest */ = {isa = PBXFileReference; explicitFileType = wrapper.cfbundle; includeInIndex = 0; path = TableViewUITests.xctest; sourceTree = BUILT_PRODUCTS_DIR; };
		6398963A24A3FE430030CD41 /* TableViewUITests.swift */ = {isa = PBXFileReference; lastKnownFileType = sourcecode.swift; path = TableViewUITests.swift; sourceTree = "<group>"; };
		6398963C24A3FE430030CD41 /* Info.plist */ = {isa = PBXFileReference; lastKnownFileType = text.plist.xml; path = Info.plist; sourceTree = "<group>"; };
		6398964824A3FF710030CD41 /* TableViewController.swift */ = {isa = PBXFileReference; lastKnownFileType = sourcecode.swift; path = TableViewController.swift; sourceTree = "<group>"; };
		6398964A24A3FFD60030CD41 /* Model.swift */ = {isa = PBXFileReference; lastKnownFileType = sourcecode.swift; path = Model.swift; sourceTree = "<group>"; };
/* End PBXFileReference section */

/* Begin PBXFrameworksBuildPhase section */
		6398961224A3FE420030CD41 /* Frameworks */ = {
			isa = PBXFrameworksBuildPhase;
			buildActionMask = 2147483647;
			files = (
			);
			runOnlyForDeploymentPostprocessing = 0;
		};
		6398962824A3FE430030CD41 /* Frameworks */ = {
			isa = PBXFrameworksBuildPhase;
			buildActionMask = 2147483647;
			files = (
			);
			runOnlyForDeploymentPostprocessing = 0;
		};
		6398963324A3FE430030CD41 /* Frameworks */ = {
			isa = PBXFrameworksBuildPhase;
			buildActionMask = 2147483647;
			files = (
			);
			runOnlyForDeploymentPostprocessing = 0;
		};
/* End PBXFrameworksBuildPhase section */

/* Begin PBXGroup section */
		6398960C24A3FE410030CD41 = {
			isa = PBXGroup;
			children = (
				6398961724A3FE420030CD41 /* TableView */,
				6398962E24A3FE430030CD41 /* TableViewTests */,
				6398963924A3FE430030CD41 /* TableViewUITests */,
				6398961624A3FE420030CD41 /* Products */,
			);
			sourceTree = "<group>";
		};
		6398961624A3FE420030CD41 /* Products */ = {
			isa = PBXGroup;
			children = (
				6398961524A3FE420030CD41 /* TableView.app */,
				6398962B24A3FE430030CD41 /* TableViewTests.xctest */,
				6398963624A3FE430030CD41 /* TableViewUITests.xctest */,
			);
			name = Products;
			sourceTree = "<group>";
		};
		6398961724A3FE420030CD41 /* TableView */ = {
			isa = PBXGroup;
			children = (
				6398961824A3FE420030CD41 /* AppDelegate.swift */,
				6398961A24A3FE420030CD41 /* SceneDelegate.swift */,
				6398961E24A3FE420030CD41 /* Main.storyboard */,
				6398964824A3FF710030CD41 /* TableViewController.swift */,
				6398964A24A3FFD60030CD41 /* Model.swift */,
				6398962124A3FE430030CD41 /* Assets.xcassets */,
				6398962324A3FE430030CD41 /* LaunchScreen.storyboard */,
				6398962624A3FE430030CD41 /* Info.plist */,
			);
			path = TableView;
			sourceTree = "<group>";
		};
		6398962E24A3FE430030CD41 /* TableViewTests */ = {
			isa = PBXGroup;
			children = (
				6398962F24A3FE430030CD41 /* TableViewTests.swift */,
				6398963124A3FE430030CD41 /* Info.plist */,
			);
			path = TableViewTests;
			sourceTree = "<group>";
		};
		6398963924A3FE430030CD41 /* TableViewUITests */ = {
			isa = PBXGroup;
			children = (
				6398963A24A3FE430030CD41 /* TableViewUITests.swift */,
				6398963C24A3FE430030CD41 /* Info.plist */,
			);
			path = TableViewUITests;
			sourceTree = "<group>";
		};
/* End PBXGroup section */

/* Begin PBXNativeTarget section */
		6398961424A3FE420030CD41 /* TableView */ = {
			isa = PBXNativeTarget;
			buildConfigurationList = 6398963F24A3FE430030CD41 /* Build configuration list for PBXNativeTarget "TableView" */;
			buildPhases = (
				6398961124A3FE420030CD41 /* Sources */,
				6398961224A3FE420030CD41 /* Frameworks */,
				6398961324A3FE420030CD41 /* Resources */,
			);
			buildRules = (
			);
			dependencies = (
			);
			name = TableView;
			productName = TableView;
			productReference = 6398961524A3FE420030CD41 /* TableView.app */;
			productType = "com.apple.product-type.application";
		};
		6398962A24A3FE430030CD41 /* TableViewTests */ = {
			isa = PBXNativeTarget;
			buildConfigurationList = 6398964224A3FE430030CD41 /* Build configuration list for PBXNativeTarget "TableViewTests" */;
			buildPhases = (
				6398962724A3FE430030CD41 /* Sources */,
				6398962824A3FE430030CD41 /* Frameworks */,
				6398962924A3FE430030CD41 /* Resources */,
			);
			buildRules = (
			);
			dependencies = (
				6398962D24A3FE430030CD41 /* PBXTargetDependency */,
			);
			name = TableViewTests;
			productName = TableViewTests;
			productReference = 6398962B24A3FE430030CD41 /* TableViewTests.xctest */;
			productType = "com.apple.product-type.bundle.unit-test";
		};
		6398963524A3FE430030CD41 /* TableViewUITests */ = {
			isa = PBXNativeTarget;
			buildConfigurationList = 6398964524A3FE430030CD41 /* Build configuration list for PBXNativeTarget "TableViewUITests" */;
			buildPhases = (
				6398963224A3FE430030CD41 /* Sources */,
				6398963324A3FE430030CD41 /* Frameworks */,
				6398963424A3FE430030CD41 /* Resources */,
			);
			buildRules = (
			);
			dependencies = (
				6398963824A3FE430030CD41 /* PBXTargetDependency */,
			);
			name = TableViewUITests;
			productName = TableViewUITests;
			productReference = 6398963624A3FE430030CD41 /* TableViewUITests.xctest */;
			productType = "com.apple.product-type.bundle.ui-testing";
		};
/* End PBXNativeTarget section */

/* Begin PBXProject section */
		6398960D24A3FE410030CD41 /* Project object */ = {
			isa = PBXProject;
			attributes = {
				KnownAssetTags = (
					Check,
					Checkmark,
				);
				LastSwiftUpdateCheck = 1150;
				LastUpgradeCheck = 1150;
				ORGANIZATIONNAME = Dave;
				TargetAttributes = {
					6398961424A3FE420030CD41 = {
						CreatedOnToolsVersion = 11.5;
					};
					6398962A24A3FE430030CD41 = {
						CreatedOnToolsVersion = 11.5;
						TestTargetID = 6398961424A3FE420030CD41;
					};
					6398963524A3FE430030CD41 = {
						CreatedOnToolsVersion = 11.5;
						TestTargetID = 6398961424A3FE420030CD41;
					};
				};
			};
			buildConfigurationList = 6398961024A3FE410030CD41 /* Build configuration list for PBXProject "TableView" */;
			compatibilityVersion = "Xcode 9.3";
			developmentRegion = en;
			hasScannedForEncodings = 0;
			knownRegions = (
				en,
				Base,
			);
			mainGroup = 6398960C24A3FE410030CD41;
			productRefGroup = 6398961624A3FE420030CD41 /* Products */;
			projectDirPath = "";
			projectRoot = "";
			targets = (
				6398961424A3FE420030CD41 /* TableView */,
				6398962A24A3FE430030CD41 /* TableViewTests */,
				6398963524A3FE430030CD41 /* TableViewUITests */,
			);
		};
/* End PBXProject section */

/* Begin PBXResourcesBuildPhase section */
		6398961324A3FE420030CD41 /* Resources */ = {
			isa = PBXResourcesBuildPhase;
			buildActionMask = 2147483647;
			files = (
				6398962524A3FE430030CD41 /* LaunchScreen.storyboard in Resources */,
				6398962224A3FE430030CD41 /* Assets.xcassets in Resources */,
				6398962024A3FE420030CD41 /* Main.storyboard in Resources */,
			);
			runOnlyForDeploymentPostprocessing = 0;
		};
		6398962924A3FE430030CD41 /* Resources */ = {
			isa = PBXResourcesBuildPhase;
			buildActionMask = 2147483647;
			files = (
			);
			runOnlyForDeploymentPostprocessing = 0;
		};
		6398963424A3FE430030CD41 /* Resources */ = {
			isa = PBXResourcesBuildPhase;
			buildActionMask = 2147483647;
			files = (
			);
			runOnlyForDeploymentPostprocessing = 0;
		};
/* End PBXResourcesBuildPhase section */

/* Begin PBXSourcesBuildPhase section */
		6398961124A3FE420030CD41 /* Sources */ = {
			isa = PBXSourcesBuildPhase;
			buildActionMask = 2147483647;
			files = (
				6398961924A3FE420030CD41 /* AppDelegate.swift in Sources */,
				6398964924A3FF710030CD41 /* TableViewController.swift in Sources */,
				6398961B24A3FE420030CD41 /* SceneDelegate.swift in Sources */,
				6398964B24A3FFD60030CD41 /* Model.swift in Sources */,
			);
			runOnlyForDeploymentPostprocessing = 0;
		};
		6398962724A3FE430030CD41 /* Sources */ = {
			isa = PBXSourcesBuildPhase;
			buildActionMask = 2147483647;
			files = (
				6398963024A3FE430030CD41 /* TableViewTests.swift in Sources */,
			);
			runOnlyForDeploymentPostprocessing = 0;
		};
		6398963224A3FE430030CD41 /* Sources */ = {
			isa = PBXSourcesBuildPhase;
			buildActionMask = 2147483647;
			files = (
				6398963B24A3FE430030CD41 /* TableViewUITests.swift in Sources */,
			);
			runOnlyForDeploymentPostprocessing = 0;
		};
/* End PBXSourcesBuildPhase section */

/* Begin PBXTargetDependency section */
		6398962D24A3FE430030CD41 /* PBXTargetDependency */ = {
			isa = PBXTargetDependency;
			target = 6398961424A3FE420030CD41 /* TableView */;
			targetProxy = 6398962C24A3FE430030CD41 /* PBXContainerItemProxy */;
		};
		6398963824A3FE430030CD41 /* PBXTargetDependency */ = {
			isa = PBXTargetDependency;
			target = 6398961424A3FE420030CD41 /* TableView */;
			targetProxy = 6398963724A3FE430030CD41 /* PBXContainerItemProxy */;
		};
/* End PBXTargetDependency section */

/* Begin PBXVariantGroup section */
		6398961E24A3FE420030CD41 /* Main.storyboard */ = {
			isa = PBXVariantGroup;
			children = (
				6398961F24A3FE420030CD41 /* Base */,
			);
			name = Main.storyboard;
			sourceTree = "<group>";
		};
		6398962324A3FE430030CD41 /* LaunchScreen.storyboard */ = {
			isa = PBXVariantGroup;
			children = (
				6398962424A3FE430030CD41 /* Base */,
			);
			name = LaunchScreen.storyboard;
			sourceTree = "<group>";
		};
/* End PBXVariantGroup section */

/* Begin XCBuildConfiguration section */
		6398963D24A3FE430030CD41 /* Debug */ = {
			isa = XCBuildConfiguration;
			buildSettings = {
				ALWAYS_SEARCH_USER_PATHS = NO;
				CLANG_ANALYZER_NONNULL = YES;
				CLANG_ANALYZER_NUMBER_OBJECT_CONVERSION = YES_AGGRESSIVE;
				CLANG_CXX_LANGUAGE_STANDARD = "gnu++14";
				CLANG_CXX_LIBRARY = "libc++";
				CLANG_ENABLE_MODULES = YES;
				CLANG_ENABLE_OBJC_ARC = YES;
				CLANG_ENABLE_OBJC_WEAK = YES;
				CLANG_WARN_BLOCK_CAPTURE_AUTORELEASING = YES;
				CLANG_WARN_BOOL_CONVERSION = YES;
				CLANG_WARN_COMMA = YES;
				CLANG_WARN_CONSTANT_CONVERSION = YES;
				CLANG_WARN_DEPRECATED_OBJC_IMPLEMENTATIONS = YES;
				CLANG_WARN_DIRECT_OBJC_ISA_USAGE = YES_ERROR;
				CLANG_WARN_DOCUMENTATION_COMMENTS = YES;
				CLANG_WARN_EMPTY_BODY = YES;
				CLANG_WARN_ENUM_CONVERSION = YES;
				CLANG_WARN_INFINITE_RECURSION = YES;
				CLANG_WARN_INT_CONVERSION = YES;
				CLANG_WARN_NON_LITERAL_NULL_CONVERSION = YES;
				CLANG_WARN_OBJC_IMPLICIT_RETAIN_SELF = YES;
				CLANG_WARN_OBJC_LITERAL_CONVERSION = YES;
				CLANG_WARN_OBJC_ROOT_CLASS = YES_ERROR;
				CLANG_WARN_RANGE_LOOP_ANALYSIS = YES;
				CLANG_WARN_STRICT_PROTOTYPES = YES;
				CLANG_WARN_SUSPICIOUS_MOVE = YES;
				CLANG_WARN_UNGUARDED_AVAILABILITY = YES_AGGRESSIVE;
				CLANG_WARN_UNREACHABLE_CODE = YES;
				CLANG_WARN__DUPLICATE_METHOD_MATCH = YES;
				COPY_PHASE_STRIP = NO;
				DEBUG_INFORMATION_FORMAT = dwarf;
				ENABLE_STRICT_OBJC_MSGSEND = YES;
				ENABLE_TESTABILITY = YES;
				GCC_C_LANGUAGE_STANDARD = gnu11;
				GCC_DYNAMIC_NO_PIC = NO;
				GCC_NO_COMMON_BLOCKS = YES;
				GCC_OPTIMIZATION_LEVEL = 0;
				GCC_PREPROCESSOR_DEFINITIONS = (
					"DEBUG=1",
					"$(inherited)",
				);
				GCC_WARN_64_TO_32_BIT_CONVERSION = YES;
				GCC_WARN_ABOUT_RETURN_TYPE = YES_ERROR;
				GCC_WARN_UNDECLARED_SELECTOR = YES;
				GCC_WARN_UNINITIALIZED_AUTOS = YES_AGGRESSIVE;
				GCC_WARN_UNUSED_FUNCTION = YES;
				GCC_WARN_UNUSED_VARIABLE = YES;
				IPHONEOS_DEPLOYMENT_TARGET = 13.5;
				MTL_ENABLE_DEBUG_INFO = INCLUDE_SOURCE;
				MTL_FAST_MATH = YES;
				ONLY_ACTIVE_ARCH = YES;
				SDKROOT = iphoneos;
				SWIFT_ACTIVE_COMPILATION_CONDITIONS = DEBUG;
				SWIFT_OPTIMIZATION_LEVEL = "-Onone";
			};
			name = Debug;
		};
		6398963E24A3FE430030CD41 /* Release */ = {
			isa = XCBuildConfiguration;
			buildSettings = {
				ALWAYS_SEARCH_USER_PATHS = NO;
				CLANG_ANALYZER_NONNULL = YES;
				CLANG_ANALYZER_NUMBER_OBJECT_CONVERSION = YES_AGGRESSIVE;
				CLANG_CXX_LANGUAGE_STANDARD = "gnu++14";
				CLANG_CXX_LIBRARY = "libc++";
				CLANG_ENABLE_MODULES = YES;
				CLANG_ENABLE_OBJC_ARC = YES;
				CLANG_ENABLE_OBJC_WEAK = YES;
				CLANG_WARN_BLOCK_CAPTURE_AUTORELEASING = YES;
				CLANG_WARN_BOOL_CONVERSION = YES;
				CLANG_WARN_COMMA = YES;
				CLANG_WARN_CONSTANT_CONVERSION = YES;
				CLANG_WARN_DEPRECATED_OBJC_IMPLEMENTATIONS = YES;
				CLANG_WARN_DIRECT_OBJC_ISA_USAGE = YES_ERROR;
				CLANG_WARN_DOCUMENTATION_COMMENTS = YES;
				CLANG_WARN_EMPTY_BODY = YES;
				CLANG_WARN_ENUM_CONVERSION = YES;
				CLANG_WARN_INFINITE_RECURSION = YES;
				CLANG_WARN_INT_CONVERSION = YES;
				CLANG_WARN_NON_LITERAL_NULL_CONVERSION = YES;
				CLANG_WARN_OBJC_IMPLICIT_RETAIN_SELF = YES;
				CLANG_WARN_OBJC_LITERAL_CONVERSION = YES;
				CLANG_WARN_OBJC_ROOT_CLASS = YES_ERROR;
				CLANG_WARN_RANGE_LOOP_ANALYSIS = YES;
				CLANG_WARN_STRICT_PROTOTYPES = YES;
				CLANG_WARN_SUSPICIOUS_MOVE = YES;
				CLANG_WARN_UNGUARDED_AVAILABILITY = YES_AGGRESSIVE;
				CLANG_WARN_UNREACHABLE_CODE = YES;
				CLANG_WARN__DUPLICATE_METHOD_MATCH = YES;
				COPY_PHASE_STRIP = NO;
				DEBUG_INFORMATION_FORMAT = "dwarf-with-dsym";
				ENABLE_NS_ASSERTIONS = NO;
				ENABLE_STRICT_OBJC_MSGSEND = YES;
				GCC_C_LANGUAGE_STANDARD = gnu11;
				GCC_NO_COMMON_BLOCKS = YES;
				GCC_WARN_64_TO_32_BIT_CONVERSION = YES;
				GCC_WARN_ABOUT_RETURN_TYPE = YES_ERROR;
				GCC_WARN_UNDECLARED_SELECTOR = YES;
				GCC_WARN_UNINITIALIZED_AUTOS = YES_AGGRESSIVE;
				GCC_WARN_UNUSED_FUNCTION = YES;
				GCC_WARN_UNUSED_VARIABLE = YES;
				IPHONEOS_DEPLOYMENT_TARGET = 13.5;
				MTL_ENABLE_DEBUG_INFO = NO;
				MTL_FAST_MATH = YES;
				SDKROOT = iphoneos;
				SWIFT_COMPILATION_MODE = wholemodule;
				SWIFT_OPTIMIZATION_LEVEL = "-O";
				VALIDATE_PRODUCT = YES;
			};
			name = Release;
		};
		6398964024A3FE430030CD41 /* Debug */ = {
			isa = XCBuildConfiguration;
			buildSettings = {
				ASSETCATALOG_COMPILER_APPICON_NAME = AppIcon;
				CODE_SIGN_STYLE = Automatic;
				INFOPLIST_FILE = TableView/Info.plist;
				LD_RUNPATH_SEARCH_PATHS = (
					"$(inherited)",
					"@executable_path/Frameworks",
				);
				PRODUCT_BUNDLE_IDENTIFIER = Dave.TableView;
				PRODUCT_NAME = "$(TARGET_NAME)";
				SWIFT_VERSION = 5.0;
				TARGETED_DEVICE_FAMILY = "1,2";
			};
			name = Debug;
		};
		6398964124A3FE430030CD41 /* Release */ = {
			isa = XCBuildConfiguration;
			buildSettings = {
				ASSETCATALOG_COMPILER_APPICON_NAME = AppIcon;
				CODE_SIGN_STYLE = Automatic;
				INFOPLIST_FILE = TableView/Info.plist;
				LD_RUNPATH_SEARCH_PATHS = (
					"$(inherited)",
					"@executable_path/Frameworks",
				);
				PRODUCT_BUNDLE_IDENTIFIER = Dave.TableView;
				PRODUCT_NAME = "$(TARGET_NAME)";
				SWIFT_VERSION = 5.0;
				TARGETED_DEVICE_FAMILY = "1,2";
			};
			name = Release;
		};
		6398964324A3FE430030CD41 /* Debug */ = {
			isa = XCBuildConfiguration;
			buildSettings = {
				ALWAYS_EMBED_SWIFT_STANDARD_LIBRARIES = YES;
				BUNDLE_LOADER = "$(TEST_HOST)";
				CODE_SIGN_STYLE = Automatic;
				INFOPLIST_FILE = TableViewTests/Info.plist;
				IPHONEOS_DEPLOYMENT_TARGET = 13.5;
				LD_RUNPATH_SEARCH_PATHS = (
					"$(inherited)",
					"@executable_path/Frameworks",
					"@loader_path/Frameworks",
				);
				PRODUCT_BUNDLE_IDENTIFIER = Dave.TableViewTests;
				PRODUCT_NAME = "$(TARGET_NAME)";
				SWIFT_VERSION = 5.0;
				TARGETED_DEVICE_FAMILY = "1,2";
				TEST_HOST = "$(BUILT_PRODUCTS_DIR)/TableView.app/TableView";
			};
			name = Debug;
		};
		6398964424A3FE430030CD41 /* Release */ = {
			isa = XCBuildConfiguration;
			buildSettings = {
				ALWAYS_EMBED_SWIFT_STANDARD_LIBRARIES = YES;
				BUNDLE_LOADER = "$(TEST_HOST)";
				CODE_SIGN_STYLE = Automatic;
				INFOPLIST_FILE = TableViewTests/Info.plist;
				IPHONEOS_DEPLOYMENT_TARGET = 13.5;
				LD_RUNPATH_SEARCH_PATHS = (
					"$(inherited)",
					"@executable_path/Frameworks",
					"@loader_path/Frameworks",
				);
				PRODUCT_BUNDLE_IDENTIFIER = Dave.TableViewTests;
				PRODUCT_NAME = "$(TARGET_NAME)";
				SWIFT_VERSION = 5.0;
				TARGETED_DEVICE_FAMILY = "1,2";
				TEST_HOST = "$(BUILT_PRODUCTS_DIR)/TableView.app/TableView";
			};
			name = Release;
		};
		6398964624A3FE430030CD41 /* Debug */ = {
			isa = XCBuildConfiguration;
			buildSettings = {
				ALWAYS_EMBED_SWIFT_STANDARD_LIBRARIES = YES;
				CODE_SIGN_STYLE = Automatic;
				INFOPLIST_FILE = TableViewUITests/Info.plist;
				LD_RUNPATH_SEARCH_PATHS = (
					"$(inherited)",
					"@executable_path/Frameworks",
					"@loader_path/Frameworks",
				);
				PRODUCT_BUNDLE_IDENTIFIER = Dave.TableViewUITests;
				PRODUCT_NAME = "$(TARGET_NAME)";
				SWIFT_VERSION = 5.0;
				TARGETED_DEVICE_FAMILY = "1,2";
				TEST_TARGET_NAME = TableView;
			};
			name = Debug;
		};
		6398964724A3FE430030CD41 /* Release */ = {
			isa = XCBuildConfiguration;
			buildSettings = {
				ALWAYS_EMBED_SWIFT_STANDARD_LIBRARIES = YES;
				CODE_SIGN_STYLE = Automatic;
				INFOPLIST_FILE = TableViewUITests/Info.plist;
				LD_RUNPATH_SEARCH_PATHS = (
					"$(inherited)",
					"@executable_path/Frameworks",
					"@loader_path/Frameworks",
				);
				PRODUCT_BUNDLE_IDENTIFIER = Dave.TableViewUITests;
				PRODUCT_NAME = "$(TARGET_NAME)";
				SWIFT_VERSION = 5.0;
				TARGETED_DEVICE_FAMILY = "1,2";
				TEST_TARGET_NAME = TableView;
			};
			name = Release;
		};
/* End XCBuildConfiguration section */

/* Begin XCConfigurationList section */
		6398961024A3FE410030CD41 /* Build configuration list for PBXProject "TableView" */ = {
			isa = XCConfigurationList;
			buildConfigurations = (
				6398963D24A3FE430030CD41 /* Debug */,
				6398963E24A3FE430030CD41 /* Release */,
			);
			defaultConfigurationIsVisible = 0;
			defaultConfigurationName = Release;
		};
		6398963F24A3FE430030CD41 /* Build configuration list for PBXNativeTarget "TableView" */ = {
			isa = XCConfigurationList;
			buildConfigurations = (
				6398964024A3FE430030CD41 /* Debug */,
				6398964124A3FE430030CD41 /* Release */,
			);
			defaultConfigurationIsVisible = 0;
			defaultConfigurationName = Release;
		};
		6398964224A3FE430030CD41 /* Build configuration list for PBXNativeTarget "TableViewTests" */ = {
			isa = XCConfigurationList;
			buildConfigurations = (
				6398964324A3FE430030CD41 /* Debug */,
				6398964424A3FE430030CD41 /* Release */,
			);
			defaultConfigurationIsVisible = 0;
			defaultConfigurationName = Release;
		};
		6398964524A3FE430030CD41 /* Build configuration list for PBXNativeTarget "TableViewUITests" */ = {
			isa = XCConfigurationList;
			buildConfigurations = (
				6398964624A3FE430030CD41 /* Debug */,
				6398964724A3FE430030CD41 /* Release */,
			);
			defaultConfigurationIsVisible = 0;
			defaultConfigurationName = Release;
		};
/* End XCConfigurationList section */
	};
	rootObject = 6398960D24A3FE410030CD41 /* Project object */;
}
